// !$*UTF8*$!
{
	archiveVersion = 1;
	classes = {
	};
	objectVersion = 46;
	objects = {

/* Begin PBXBuildFile section */
		1283F4191E554483000B63F0 /* AppDelegate.swift in Sources */ = {isa = PBXBuildFile; fileRef = 1283F4181E554483000B63F0 /* AppDelegate.swift */; };
		1283F41B1E554483000B63F0 /* ViewController.swift in Sources */ = {isa = PBXBuildFile; fileRef = 1283F41A1E554483000B63F0 /* ViewController.swift */; };
		1283F41E1E554483000B63F0 /* Main.storyboard in Resources */ = {isa = PBXBuildFile; fileRef = 1283F41C1E554483000B63F0 /* Main.storyboard */; };
		1283F4201E554483000B63F0 /* Assets.xcassets in Resources */ = {isa = PBXBuildFile; fileRef = 1283F41F1E554483000B63F0 /* Assets.xcassets */; };
		1283F4231E554483000B63F0 /* LaunchScreen.storyboard in Resources */ = {isa = PBXBuildFile; fileRef = 1283F4211E554483000B63F0 /* LaunchScreen.storyboard */; };
/* End PBXBuildFile section */

/* Begin PBXFileReference section */
		1283F4151E554483000B63F0 /* PushNotifsTest.app */ = {isa = PBXFileReference; explicitFileType = wrapper.application; includeInIndex = 0; path = PushNotifsTest.app; sourceTree = BUILT_PRODUCTS_DIR; };
		1283F4181E554483000B63F0 /* AppDelegate.swift */ = {isa = PBXFileReference; lastKnownFileType = sourcecode.swift; path = AppDelegate.swift; sourceTree = "<group>"; };
		1283F41A1E554483000B63F0 /* ViewController.swift */ = {isa = PBXFileReference; lastKnownFileType = sourcecode.swift; path = ViewController.swift; sourceTree = "<group>"; };
		1283F41D1E554483000B63F0 /* Base */ = {isa = PBXFileReference; lastKnownFileType = file.storyboard; name = Base; path = Base.lproj/Main.storyboard; sourceTree = "<group>"; };
		1283F41F1E554483000B63F0 /* Assets.xcassets */ = {isa = PBXFileReference; lastKnownFileType = folder.assetcatalog; path = Assets.xcassets; sourceTree = "<group>"; };
		1283F4221E554483000B63F0 /* Base */ = {isa = PBXFileReference; lastKnownFileType = file.storyboard; name = Base; path = Base.lproj/LaunchScreen.storyboard; sourceTree = "<group>"; };
		1283F4241E554483000B63F0 /* Info.plist */ = {isa = PBXFileReference; lastKnownFileType = text.plist.xml; path = Info.plist; sourceTree = "<group>"; };
/* End PBXFileReference section */

/* Begin PBXFrameworksBuildPhase section */
		1283F4121E554483000B63F0 /* Frameworks */ = {
			isa = PBXFrameworksBuildPhase;
			buildActionMask = 2147483647;
			files = (
			);
			runOnlyForDeploymentPostprocessing = 0;
		};
/* End PBXFrameworksBuildPhase section */

/* Begin PBXGroup section */
		1283F40C1E554483000B63F0 = {
			isa = PBXGroup;
			children = (
				1283F4171E554483000B63F0 /* PushNotifsTest */,
				1283F4161E554483000B63F0 /* Products */,
			);
			sourceTree = "<group>";
		};
		1283F4161E554483000B63F0 /* Products */ = {
			isa = PBXGroup;
			children = (
				1283F4151E554483000B63F0 /* PushNotifsTest.app */,
			);
			name = Products;
			sourceTree = "<group>";
		};
		1283F4171E554483000B63F0 /* PushNotifsTest */ = {
			isa = PBXGroup;
			children = (
				1283F4181E554483000B63F0 /* AppDelegate.swift */,
				1283F41A1E554483000B63F0 /* ViewController.swift */,
				1283F41C1E554483000B63F0 /* Main.storyboard */,
				1283F41F1E554483000B63F0 /* Assets.xcassets */,
				1283F4211E554483000B63F0 /* LaunchScreen.storyboard */,
				1283F4241E554483000B63F0 /* Info.plist */,
			);
			path = PushNotifsTest;
			sourceTree = "<group>";
		};
/* End PBXGroup section */

/* Begin PBXNativeTarget section */
		1283F4141E554483000B63F0 /* PushNotifsTest */ = {
			isa = PBXNativeTarget;
			buildConfigurationList = 1283F4271E554483000B63F0 /* Build configuration list for PBXNativeTarget "PushNotifsTest" */;
			buildPhases = (
				1283F4111E554483000B63F0 /* Sources */,
				1283F4121E554483000B63F0 /* Frameworks */,
				1283F4131E554483000B63F0 /* Resources */,
			);
			buildRules = (
			);
			dependencies = (
			);
			name = PushNotifsTest;
			productName = PushNotifsTest;
			productReference = 1283F4151E554483000B63F0 /* PushNotifsTest.app */;
			productType = "com.apple.product-type.application";
		};
/* End PBXNativeTarget section */

/* Begin PBXProject section */
		1283F40D1E554483000B63F0 /* Project object */ = {
			isa = PBXProject;
			attributes = {
				LastSwiftUpdateCheck = 0820;
				LastUpgradeCheck = 0820;
				ORGANIZATIONNAME = Modoki;
				TargetAttributes = {
					1283F4141E554483000B63F0 = {
						CreatedOnToolsVersion = 8.2.1;
						DevelopmentTeam = SL8E63CST5;
						ProvisioningStyle = Automatic;
					};
				};
			};
			buildConfigurationList = 1283F4101E554483000B63F0 /* Build configuration list for PBXProject "PushNotifsTest" */;
			compatibilityVersion = "Xcode 3.2";
			developmentRegion = English;
			hasScannedForEncodings = 0;
			knownRegions = (
				en,
				Base,
			);
			mainGroup = 1283F40C1E554483000B63F0;
			productRefGroup = 1283F4161E554483000B63F0 /* Products */;
			projectDirPath = "";
			projectRoot = "";
			targets = (
				1283F4141E554483000B63F0 /* PushNotifsTest */,
			);
		};
/* End PBXProject section */

/* Begin PBXResourcesBuildPhase section */
		1283F4131E554483000B63F0 /* Resources */ = {
			isa = PBXResourcesBuildPhase;
			buildActionMask = 2147483647;
			files = (
				1283F4231E554483000B63F0 /* LaunchScreen.storyboard in Resources */,
				1283F4201E554483000B63F0 /* Assets.xcassets in Resources */,
				1283F41E1E554483000B63F0 /* Main.storyboard in Resources */,
			);
			runOnlyForDeploymentPostprocessing = 0;
		};
/* End PBXResourcesBuildPhase section */

/* Begin PBXSourcesBuildPhase section */
		1283F4111E554483000B63F0 /* Sources */ = {
			isa = PBXSourcesBuildPhase;
			buildActionMask = 2147483647;
			files = (
				1283F41B1E554483000B63F0 /* ViewController.swift in Sources */,
				1283F4191E554483000B63F0 /* AppDelegate.swift in Sources */,
			);
			runOnlyForDeploymentPostprocessing = 0;
		};
/* End PBXSourcesBuildPhase section */

/* Begin PBXVariantGroup section */
		1283F41C1E554483000B63F0 /* Main.storyboard */ = {
			isa = PBXVariantGroup;
			children = (
				1283F41D1E554483000B63F0 /* Base */,
			);
			name = Main.storyboard;
			sourceTree = "<group>";
		};
		1283F4211E554483000B63F0 /* LaunchScreen.storyboard */ = {
			isa = PBXVariantGroup;
			children = (
				1283F4221E554483000B63F0 /* Base */,
			);
			name = LaunchScreen.storyboard;
			sourceTree = "<group>";
		};
/* End PBXVariantGroup section */

/* Begin XCBuildConfiguration section */
		1283F4251E554483000B63F0 /* Debug */ = {
			isa = XCBuildConfiguration;
			buildSettings = {
				ALWAYS_SEARCH_USER_PATHS = NO;
				CLANG_ANALYZER_NONNULL = YES;
				CLANG_CXX_LANGUAGE_STANDARD = "gnu++0x";
				CLANG_CXX_LIBRARY = "libc++";
				CLANG_ENABLE_MODULES = YES;
				CLANG_ENABLE_OBJC_ARC = YES;
				CLANG_WARN_BOOL_CONVERSION = YES;
				CLANG_WARN_CONSTANT_CONVERSION = YES;
				CLANG_WARN_DIRECT_OBJC_ISA_USAGE = YES_ERROR;
				CLANG_WARN_DOCUMENTATION_COMMENTS = YES;
				CLANG_WARN_EMPTY_BODY = YES;
				CLANG_WARN_ENUM_CONVERSION = YES;
				CLANG_WARN_INFINITE_RECURSION = YES;
				CLANG_WARN_INT_CONVERSION = YES;
				CLANG_WARN_OBJC_ROOT_CLASS = YES_ERROR;
				CLANG_WARN_SUSPICIOUS_MOVE = YES;
				CLANG_WARN_UNREACHABLE_CODE = YES;
				CLANG_WARN__DUPLICATE_METHOD_MATCH = YES;
				"CODE_SIGN_IDENTITY[sdk=iphoneos*]" = "iPhone Developer";
				COPY_PHASE_STRIP = NO;
				DEBUG_INFORMATION_FORMAT = dwarf;
				ENABLE_STRICT_OBJC_MSGSEND = YES;
				ENABLE_TESTABILITY = YES;
				GCC_C_LANGUAGE_STANDARD = gnu99;
				GCC_DYNAMIC_NO_PIC = NO;
				GCC_NO_COMMON_BLOCKS = YES;
				GCC_OPTIMIZATION_LEVEL = 0;
				GCC_PREPROCESSOR_DEFINITIONS = (
					"DEBUG=1",
					"$(inherited)",
				);
				GCC_WARN_64_TO_32_BIT_CONVERSION = YES;
				GCC_WARN_ABOUT_RETURN_TYPE = YES_ERROR;
				GCC_WARN_UNDECLARED_SELECTOR = YES;
				GCC_WARN_UNINITIALIZED_AUTOS = YES_AGGRESSIVE;
				GCC_WARN_UNUSED_FUNCTION = YES;
				GCC_WARN_UNUSED_VARIABLE = YES;
				IPHONEOS_DEPLOYMENT_TARGET = 10.2;
				MTL_ENABLE_DEBUG_INFO = YES;
				ONLY_ACTIVE_ARCH = YES;
				SDKROOT = iphoneos;
				SWIFT_ACTIVE_COMPILATION_CONDITIONS = DEBUG;
				SWIFT_OPTIMIZATION_LEVEL = "-Onone";
			};
			name = Debug;
		};
		1283F4261E554483000B63F0 /* Release */ = {
			isa = XCBuildConfiguration;
			buildSettings = {
				ALWAYS_SEARCH_USER_PATHS = NO;
				CLANG_ANALYZER_NONNULL = YES;
				CLANG_CXX_LANGUAGE_STANDARD = "gnu++0x";
				CLANG_CXX_LIBRARY = "libc++";
				CLANG_ENABLE_MODULES = YES;
				CLANG_ENABLE_OBJC_ARC = YES;
				CLANG_WARN_BOOL_CONVERSION = YES;
				CLANG_WARN_CONSTANT_CONVERSION = YES;
				CLANG_WARN_DIRECT_OBJC_ISA_USAGE = YES_ERROR;
				CLANG_WARN_DOCUMENTATION_COMMENTS = YES;
				CLANG_WARN_EMPTY_BODY = YES;
				CLANG_WARN_ENUM_CONVERSION = YES;
				CLANG_WARN_INFINITE_RECURSION = YES;
				CLANG_WARN_INT_CONVERSION = YES;
				CLANG_WARN_OBJC_ROOT_CLASS = YES_ERROR;
				CLANG_WARN_SUSPICIOUS_MOVE = YES;
				CLANG_WARN_UNREACHABLE_CODE = YES;
				CLANG_WARN__DUPLICATE_METHOD_MATCH = YES;
				"CODE_SIGN_IDENTITY[sdk=iphoneos*]" = "iPhone Developer";
				COPY_PHASE_STRIP = NO;
				DEBUG_INFORMATION_FORMAT = "dwarf-with-dsym";
				ENABLE_NS_ASSERTIONS = NO;
				ENABLE_STRICT_OBJC_MSGSEND = YES;
				GCC_C_LANGUAGE_STANDARD = gnu99;
				GCC_NO_COMMON_BLOCKS = YES;
				GCC_WARN_64_TO_32_BIT_CONVERSION = YES;
				GCC_WARN_ABOUT_RETURN_TYPE = YES_ERROR;
				GCC_WARN_UNDECLARED_SELECTOR = YES;
				GCC_WARN_UNINITIALIZED_AUTOS = YES_AGGRESSIVE;
				GCC_WARN_UNUSED_FUNCTION = YES;
				GCC_WARN_UNUSED_VARIABLE = YES;
				IPHONEOS_DEPLOYMENT_TARGET = 10.2;
				MTL_ENABLE_DEBUG_INFO = NO;
				SDKROOT = iphoneos;
				SWIFT_OPTIMIZATION_LEVEL = "-Owholemodule";
				VALIDATE_PRODUCT = YES;
			};
			name = Release;
		};
		1283F4281E554483000B63F0 /* Debug */ = {
			isa = XCBuildConfiguration;
			buildSettings = {
				ASSETCATALOG_COMPILER_APPICON_NAME = AppIcon;
				DEVELOPMENT_TEAM = SL8E63CST5;
				INFOPLIST_FILE = PushNotifsTest/Info.plist;
				LD_RUNPATH_SEARCH_PATHS = "$(inherited) @executable_path/Frameworks";
				PRODUCT_BUNDLE_IDENTIFIER = com.Modoki.PushNotifsTest;
				PRODUCT_NAME = "$(TARGET_NAME)";
				SWIFT_VERSION = 3.0;
			};
			name = Debug;
		};
		1283F4291E554483000B63F0 /* Release */ = {
			isa = XCBuildConfiguration;
			buildSettings = {
				ASSETCATALOG_COMPILER_APPICON_NAME = AppIcon;
				DEVELOPMENT_TEAM = SL8E63CST5;
				INFOPLIST_FILE = PushNotifsTest/Info.plist;
				LD_RUNPATH_SEARCH_PATHS = "$(inherited) @executable_path/Frameworks";
				PRODUCT_BUNDLE_IDENTIFIER = com.Modoki.PushNotifsTest;
				PRODUCT_NAME = "$(TARGET_NAME)";
				SWIFT_VERSION = 3.0;
			};
			name = Release;
		};
/* End XCBuildConfiguration section */

/* Begin XCConfigurationList section */
		1283F4101E554483000B63F0 /* Build configuration list for PBXProject "PushNotifsTest" */ = {
			isa = XCConfigurationList;
			buildConfigurations = (
				1283F4251E554483000B63F0 /* Debug */,
				1283F4261E554483000B63F0 /* Release */,
			);
			defaultConfigurationIsVisible = 0;
			defaultConfigurationName = Release;
		};
		1283F4271E554483000B63F0 /* Build configuration list for PBXNativeTarget "PushNotifsTest" */ = {
			isa = XCConfigurationList;
			buildConfigurations = (
				1283F4281E554483000B63F0 /* Debug */,
				1283F4291E554483000B63F0 /* Release */,
			);
			defaultConfigurationIsVisible = 0;
		};
/* End XCConfigurationList section */
	};
	rootObject = 1283F40D1E554483000B63F0 /* Project object */;
}
