// !$*UTF8*$!
{
	archiveVersion = 1;
	classes = {
	};
	objectVersion = 46;
	objects = {

/* Begin PBXBuildFile section */
		0171F3BDD712580BB311BC70 /* Pods_PushNotifsTest.framework in Frameworks */ = {isa = PBXBuildFile; fileRef = B1104D5BA0FD45EEFFA26676 /* Pods_PushNotifsTest.framework */; };
		1283F4191E554483000B63F0 /* AppDelegate.swift in Sources */ = {isa = PBXBuildFile; fileRef = 1283F4181E554483000B63F0 /* AppDelegate.swift */; };
		1283F41B1E554483000B63F0 /* ViewController.swift in Sources */ = {isa = PBXBuildFile; fileRef = 1283F41A1E554483000B63F0 /* ViewController.swift */; };
		1283F41E1E554483000B63F0 /* Main.storyboard in Resources */ = {isa = PBXBuildFile; fileRef = 1283F41C1E554483000B63F0 /* Main.storyboard */; };
		1283F4201E554483000B63F0 /* Assets.xcassets in Resources */ = {isa = PBXBuildFile; fileRef = 1283F41F1E554483000B63F0 /* Assets.xcassets */; };
		1283F4231E554483000B63F0 /* LaunchScreen.storyboard in Resources */ = {isa = PBXBuildFile; fileRef = 1283F4211E554483000B63F0 /* LaunchScreen.storyboard */; };
		1283F42C1E554C9C000B63F0 /* UserNotifications.framework in Frameworks */ = {isa = PBXBuildFile; fileRef = 1283F42B1E554C9C000B63F0 /* UserNotifications.framework */; };
/* End PBXBuildFile section */

/* Begin PBXFileReference section */
		1283F4151E554483000B63F0 /* PushNotifsTest.app */ = {isa = PBXFileReference; explicitFileType = wrapper.application; includeInIndex = 0; path = PushNotifsTest.app; sourceTree = BUILT_PRODUCTS_DIR; };
		1283F4181E554483000B63F0 /* AppDelegate.swift */ = {isa = PBXFileReference; lastKnownFileType = sourcecode.swift; path = AppDelegate.swift; sourceTree = "<group>"; };
		1283F41A1E554483000B63F0 /* ViewController.swift */ = {isa = PBXFileReference; lastKnownFileType = sourcecode.swift; path = ViewController.swift; sourceTree = "<group>"; };
		1283F41D1E554483000B63F0 /* Base */ = {isa = PBXFileReference; lastKnownFileType = file.storyboard; name = Base; path = Base.lproj/Main.storyboard; sourceTree = "<group>"; };
		1283F41F1E554483000B63F0 /* Assets.xcassets */ = {isa = PBXFileReference; lastKnownFileType = folder.assetcatalog; path = Assets.xcassets; sourceTree = "<group>"; };
		1283F4221E554483000B63F0 /* Base */ = {isa = PBXFileReference; lastKnownFileType = file.storyboard; name = Base; path = Base.lproj/LaunchScreen.storyboard; sourceTree = "<group>"; };
		1283F4241E554483000B63F0 /* Info.plist */ = {isa = PBXFileReference; lastKnownFileType = text.plist.xml; path = Info.plist; sourceTree = "<group>"; };
		1283F42A1E55449D000B63F0 /* PushNotifsTest.entitlements */ = {isa = PBXFileReference; lastKnownFileType = text.plist.entitlements; path = PushNotifsTest.entitlements; sourceTree = "<group>"; };
		1283F42B1E554C9C000B63F0 /* UserNotifications.framework */ = {isa = PBXFileReference; lastKnownFileType = wrapper.framework; name = UserNotifications.framework; path = System/Library/Frameworks/UserNotifications.framework; sourceTree = SDKROOT; };
		4300611CAA61E5F9CDE935CB /* Pods-PushNotifsTest.release.xcconfig */ = {isa = PBXFileReference; includeInIndex = 1; lastKnownFileType = text.xcconfig; name = "Pods-PushNotifsTest.release.xcconfig"; path = "Pods/Target Support Files/Pods-PushNotifsTest/Pods-PushNotifsTest.release.xcconfig"; sourceTree = "<group>"; };
		B1104D5BA0FD45EEFFA26676 /* Pods_PushNotifsTest.framework */ = {isa = PBXFileReference; explicitFileType = wrapper.framework; includeInIndex = 0; path = Pods_PushNotifsTest.framework; sourceTree = BUILT_PRODUCTS_DIR; };
		F7F538FC6CBEAF2050504408 /* Pods-PushNotifsTest.debug.xcconfig */ = {isa = PBXFileReference; includeInIndex = 1; lastKnownFileType = text.xcconfig; name = "Pods-PushNotifsTest.debug.xcconfig"; path = "Pods/Target Support Files/Pods-PushNotifsTest/Pods-PushNotifsTest.debug.xcconfig"; sourceTree = "<group>"; };
/* End PBXFileReference section */

/* Begin PBXFrameworksBuildPhase section */
		1283F4121E554483000B63F0 /* Frameworks */ = {
			isa = PBXFrameworksBuildPhase;
			buildActionMask = 2147483647;
			files = (
				1283F42C1E554C9C000B63F0 /* UserNotifications.framework in Frameworks */,
				0171F3BDD712580BB311BC70 /* Pods_PushNotifsTest.framework in Frameworks */,
			);
			runOnlyForDeploymentPostprocessing = 0;
		};
/* End PBXFrameworksBuildPhase section */

/* Begin PBXGroup section */
		1283F40C1E554483000B63F0 = {
			isa = PBXGroup;
			children = (
				1283F4171E554483000B63F0 /* PushNotifsTest */,
				1283F4161E554483000B63F0 /* Products */,
				A2C5B035167B2798A502D25C /* Pods */,
				404DBC4C96EAFB15917FD038 /* Frameworks */,
			);
			sourceTree = "<group>";
		};
		1283F4161E554483000B63F0 /* Products */ = {
			isa = PBXGroup;
			children = (
				1283F4151E554483000B63F0 /* PushNotifsTest.app */,
			);
			name = Products;
			sourceTree = "<group>";
		};
		1283F4171E554483000B63F0 /* PushNotifsTest */ = {
			isa = PBXGroup;
			children = (
				1283F42A1E55449D000B63F0 /* PushNotifsTest.entitlements */,
				1283F4181E554483000B63F0 /* AppDelegate.swift */,
				1283F41A1E554483000B63F0 /* ViewController.swift */,
				1283F41C1E554483000B63F0 /* Main.storyboard */,
				1283F41F1E554483000B63F0 /* Assets.xcassets */,
				1283F4211E554483000B63F0 /* LaunchScreen.storyboard */,
				1283F4241E554483000B63F0 /* Info.plist */,
			);
			path = PushNotifsTest;
			sourceTree = "<group>";
		};
		404DBC4C96EAFB15917FD038 /* Frameworks */ = {
			isa = PBXGroup;
			children = (
				1283F42B1E554C9C000B63F0 /* UserNotifications.framework */,
				B1104D5BA0FD45EEFFA26676 /* Pods_PushNotifsTest.framework */,
			);
			name = Frameworks;
			sourceTree = "<group>";
		};
		A2C5B035167B2798A502D25C /* Pods */ = {
			isa = PBXGroup;
			children = (
				F7F538FC6CBEAF2050504408 /* Pods-PushNotifsTest.debug.xcconfig */,
				4300611CAA61E5F9CDE935CB /* Pods-PushNotifsTest.release.xcconfig */,
			);
			name = Pods;
			sourceTree = "<group>";
		};
/* End PBXGroup section */

/* Begin PBXNativeTarget section */
		1283F4141E554483000B63F0 /* PushNotifsTest */ = {
			isa = PBXNativeTarget;
			buildConfigurationList = 1283F4271E554483000B63F0 /* Build configuration list for PBXNativeTarget "PushNotifsTest" */;
			buildPhases = (
				64E017DE382ACD939FD88476 /* [CP] Check Pods Manifest.lock */,
				1283F4111E554483000B63F0 /* Sources */,
				1283F4121E554483000B63F0 /* Frameworks */,
				1283F4131E554483000B63F0 /* Resources */,
				959D6807BEBD106A619A6FBE /* [CP] Embed Pods Frameworks */,
				A4C16A6BCE089C55845EED20 /* [CP] Copy Pods Resources */,
				12BCA7801E5556E70074A577 /* ShellScript */,
			);
			buildRules = (
			);
			dependencies = (
			);
			name = PushNotifsTest;
			productName = PushNotifsTest;
			productReference = 1283F4151E554483000B63F0 /* PushNotifsTest.app */;
			productType = "com.apple.product-type.application";
		};
/* End PBXNativeTarget section */

/* Begin PBXProject section */
		1283F40D1E554483000B63F0 /* Project object */ = {
			isa = PBXProject;
			attributes = {
				LastSwiftUpdateCheck = 0820;
				LastUpgradeCheck = 0820;
				ORGANIZATIONNAME = Modoki;
				TargetAttributes = {
					1283F4141E554483000B63F0 = {
						CreatedOnToolsVersion = 8.2.1;
						DevelopmentTeam = SL8E63CST5;
						ProvisioningStyle = Automatic;
						SystemCapabilities = {
							com.apple.Push = {
								enabled = 1;
							};
						};
					};
				};
			};
			buildConfigurationList = 1283F4101E554483000B63F0 /* Build configuration list for PBXProject "PushNotifsTest" */;
			compatibilityVersion = "Xcode 3.2";
			developmentRegion = English;
			hasScannedForEncodings = 0;
			knownRegions = (
				en,
				Base,
			);
			mainGroup = 1283F40C1E554483000B63F0;
			productRefGroup = 1283F4161E554483000B63F0 /* Products */;
			projectDirPath = "";
			projectRoot = "";
			targets = (
				1283F4141E554483000B63F0 /* PushNotifsTest */,
			);
		};
/* End PBXProject section */

/* Begin PBXResourcesBuildPhase section */
		1283F4131E554483000B63F0 /* Resources */ = {
			isa = PBXResourcesBuildPhase;
			buildActionMask = 2147483647;
			files = (
				1283F4231E554483000B63F0 /* LaunchScreen.storyboard in Resources */,
				1283F4201E554483000B63F0 /* Assets.xcassets in Resources */,
				1283F41E1E554483000B63F0 /* Main.storyboard in Resources */,
			);
			runOnlyForDeploymentPostprocessing = 0;
		};
/* End PBXResourcesBuildPhase section */

/* Begin PBXShellScriptBuildPhase section */
		12BCA7801E5556E70074A577 /* ShellScript */ = {
			isa = PBXShellScriptBuildPhase;
			buildActionMask = 2147483647;
			files = (
			);
			inputPaths = (
			);
			outputPaths = (
			);
			runOnlyForDeploymentPostprocessing = 0;
			shellPath = /bin/sh;
			shellScript = "osascript -e 'tell app \"Xcode\" to display dialog \"Alright, so sending push notifications in iOS has many parts to it. I tried to distill all the basic steps in the pipeline in this project. Start with the file ViewController.swift and with the repo located at http://github.com/Baddaboo/parse-server-example. You can hide this message by commenting it out in Target->Build Phases->Run Script\"'\n";
		};
		64E017DE382ACD939FD88476 /* [CP] Check Pods Manifest.lock */ = {
			isa = PBXShellScriptBuildPhase;
			buildActionMask = 2147483647;
			files = (
			);
			inputPaths = (
			);
			name = "[CP] Check Pods Manifest.lock";
			outputPaths = (
			);
			runOnlyForDeploymentPostprocessing = 0;
			shellPath = /bin/sh;
			shellScript = "diff \"${PODS_ROOT}/../Podfile.lock\" \"${PODS_ROOT}/Manifest.lock\" > /dev/null\nif [ $? != 0 ] ; then\n    # print error to STDERR\n    echo \"error: The sandbox is not in sync with the Podfile.lock. Run 'pod install' or update your CocoaPods installation.\" >&2\n    exit 1\nfi\n";
			showEnvVarsInLog = 0;
		};
		959D6807BEBD106A619A6FBE /* [CP] Embed Pods Frameworks */ = {
			isa = PBXShellScriptBuildPhase;
			buildActionMask = 2147483647;
			files = (
			);
			inputPaths = (
			);
			name = "[CP] Embed Pods Frameworks";
			outputPaths = (
			);
			runOnlyForDeploymentPostprocessing = 0;
			shellPath = /bin/sh;
			shellScript = "\"${SRCROOT}/Pods/Target Support Files/Pods-PushNotifsTest/Pods-PushNotifsTest-frameworks.sh\"\n";
			showEnvVarsInLog = 0;
		};
		A4C16A6BCE089C55845EED20 /* [CP] Copy Pods Resources */ = {
			isa = PBXShellScriptBuildPhase;
			buildActionMask = 2147483647;
			files = (
			);
			inputPaths = (
			);
			name = "[CP] Copy Pods Resources";
			outputPaths = (
			);
			runOnlyForDeploymentPostprocessing = 0;
			shellPath = /bin/sh;
			shellScript = "\"${SRCROOT}/Pods/Target Support Files/Pods-PushNotifsTest/Pods-PushNotifsTest-resources.sh\"\n";
			showEnvVarsInLog = 0;
		};
/* End PBXShellScriptBuildPhase section */

/* Begin PBXSourcesBuildPhase section */
		1283F4111E554483000B63F0 /* Sources */ = {
			isa = PBXSourcesBuildPhase;
			buildActionMask = 2147483647;
			files = (
				1283F41B1E554483000B63F0 /* ViewController.swift in Sources */,
				1283F4191E554483000B63F0 /* AppDelegate.swift in Sources */,
			);
			runOnlyForDeploymentPostprocessing = 0;
		};
/* End PBXSourcesBuildPhase section */

/* Begin PBXVariantGroup section */
		1283F41C1E554483000B63F0 /* Main.storyboard */ = {
			isa = PBXVariantGroup;
			children = (
				1283F41D1E554483000B63F0 /* Base */,
			);
			name = Main.storyboard;
			sourceTree = "<group>";
		};
		1283F4211E554483000B63F0 /* LaunchScreen.storyboard */ = {
			isa = PBXVariantGroup;
			children = (
				1283F4221E554483000B63F0 /* Base */,
			);
			name = LaunchScreen.storyboard;
			sourceTree = "<group>";
		};
/* End PBXVariantGroup section */

/* Begin XCBuildConfiguration section */
		1283F4251E554483000B63F0 /* Debug */ = {
			isa = XCBuildConfiguration;
			buildSettings = {
				ALWAYS_SEARCH_USER_PATHS = NO;
				CLANG_ANALYZER_NONNULL = YES;
				CLANG_CXX_LANGUAGE_STANDARD = "gnu++0x";
				CLANG_CXX_LIBRARY = "libc++";
				CLANG_ENABLE_MODULES = YES;
				CLANG_ENABLE_OBJC_ARC = YES;
				CLANG_WARN_BOOL_CONVERSION = YES;
				CLANG_WARN_CONSTANT_CONVERSION = YES;
				CLANG_WARN_DIRECT_OBJC_ISA_USAGE = YES_ERROR;
				CLANG_WARN_DOCUMENTATION_COMMENTS = YES;
				CLANG_WARN_EMPTY_BODY = YES;
				CLANG_WARN_ENUM_CONVERSION = YES;
				CLANG_WARN_INFINITE_RECURSION = YES;
				CLANG_WARN_INT_CONVERSION = YES;
				CLANG_WARN_OBJC_ROOT_CLASS = YES_ERROR;
				CLANG_WARN_SUSPICIOUS_MOVE = YES;
				CLANG_WARN_UNREACHABLE_CODE = YES;
				CLANG_WARN__DUPLICATE_METHOD_MATCH = YES;
				"CODE_SIGN_IDENTITY[sdk=iphoneos*]" = "iPhone Developer";
				COPY_PHASE_STRIP = NO;
				DEBUG_INFORMATION_FORMAT = dwarf;
				ENABLE_STRICT_OBJC_MSGSEND = YES;
				ENABLE_TESTABILITY = YES;
				GCC_C_LANGUAGE_STANDARD = gnu99;
				GCC_DYNAMIC_NO_PIC = NO;
				GCC_NO_COMMON_BLOCKS = YES;
				GCC_OPTIMIZATION_LEVEL = 0;
				GCC_PREPROCESSOR_DEFINITIONS = (
					"DEBUG=1",
					"$(inherited)",
				);
				GCC_WARN_64_TO_32_BIT_CONVERSION = YES;
				GCC_WARN_ABOUT_RETURN_TYPE = YES_ERROR;
				GCC_WARN_UNDECLARED_SELECTOR = YES;
				GCC_WARN_UNINITIALIZED_AUTOS = YES_AGGRESSIVE;
				GCC_WARN_UNUSED_FUNCTION = YES;
				GCC_WARN_UNUSED_VARIABLE = YES;
				IPHONEOS_DEPLOYMENT_TARGET = 10.2;
				MTL_ENABLE_DEBUG_INFO = YES;
				ONLY_ACTIVE_ARCH = YES;
				SDKROOT = iphoneos;
				SWIFT_ACTIVE_COMPILATION_CONDITIONS = DEBUG;
				SWIFT_OPTIMIZATION_LEVEL = "-Onone";
			};
			name = Debug;
		};
		1283F4261E554483000B63F0 /* Release */ = {
			isa = XCBuildConfiguration;
			buildSettings = {
				ALWAYS_SEARCH_USER_PATHS = NO;
				CLANG_ANALYZER_NONNULL = YES;
				CLANG_CXX_LANGUAGE_STANDARD = "gnu++0x";
				CLANG_CXX_LIBRARY = "libc++";
				CLANG_ENABLE_MODULES = YES;
				CLANG_ENABLE_OBJC_ARC = YES;
				CLANG_WARN_BOOL_CONVERSION = YES;
				CLANG_WARN_CONSTANT_CONVERSION = YES;
				CLANG_WARN_DIRECT_OBJC_ISA_USAGE = YES_ERROR;
				CLANG_WARN_DOCUMENTATION_COMMENTS = YES;
				CLANG_WARN_EMPTY_BODY = YES;
				CLANG_WARN_ENUM_CONVERSION = YES;
				CLANG_WARN_INFINITE_RECURSION = YES;
				CLANG_WARN_INT_CONVERSION = YES;
				CLANG_WARN_OBJC_ROOT_CLASS = YES_ERROR;
				CLANG_WARN_SUSPICIOUS_MOVE = YES;
				CLANG_WARN_UNREACHABLE_CODE = YES;
				CLANG_WARN__DUPLICATE_METHOD_MATCH = YES;
				"CODE_SIGN_IDENTITY[sdk=iphoneos*]" = "iPhone Developer";
				COPY_PHASE_STRIP = NO;
				DEBUG_INFORMATION_FORMAT = "dwarf-with-dsym";
				ENABLE_NS_ASSERTIONS = NO;
				ENABLE_STRICT_OBJC_MSGSEND = YES;
				GCC_C_LANGUAGE_STANDARD = gnu99;
				GCC_NO_COMMON_BLOCKS = YES;
				GCC_WARN_64_TO_32_BIT_CONVERSION = YES;
				GCC_WARN_ABOUT_RETURN_TYPE = YES_ERROR;
				GCC_WARN_UNDECLARED_SELECTOR = YES;
				GCC_WARN_UNINITIALIZED_AUTOS = YES_AGGRESSIVE;
				GCC_WARN_UNUSED_FUNCTION = YES;
				GCC_WARN_UNUSED_VARIABLE = YES;
				IPHONEOS_DEPLOYMENT_TARGET = 10.2;
				MTL_ENABLE_DEBUG_INFO = NO;
				SDKROOT = iphoneos;
				SWIFT_OPTIMIZATION_LEVEL = "-Owholemodule";
				VALIDATE_PRODUCT = YES;
			};
			name = Release;
		};
		1283F4281E554483000B63F0 /* Debug */ = {
			isa = XCBuildConfiguration;
			baseConfigurationReference = F7F538FC6CBEAF2050504408 /* Pods-PushNotifsTest.debug.xcconfig */;
			buildSettings = {
				ASSETCATALOG_COMPILER_APPICON_NAME = AppIcon;
				CODE_SIGN_ENTITLEMENTS = PushNotifsTest/PushNotifsTest.entitlements;
				DEVELOPMENT_TEAM = SL8E63CST5;
				INFOPLIST_FILE = PushNotifsTest/Info.plist;
				LD_RUNPATH_SEARCH_PATHS = "$(inherited) @executable_path/Frameworks";
				PRODUCT_BUNDLE_IDENTIFIER = com.Modoki.PushNotifsTest;
				PRODUCT_NAME = "$(TARGET_NAME)";
				SWIFT_VERSION = 3.0;
			};
			name = Debug;
		};
		1283F4291E554483000B63F0 /* Release */ = {
			isa = XCBuildConfiguration;
			baseConfigurationReference = 4300611CAA61E5F9CDE935CB /* Pods-PushNotifsTest.release.xcconfig */;
			buildSettings = {
				ASSETCATALOG_COMPILER_APPICON_NAME = AppIcon;
				CODE_SIGN_ENTITLEMENTS = PushNotifsTest/PushNotifsTest.entitlements;
				DEVELOPMENT_TEAM = SL8E63CST5;
				INFOPLIST_FILE = PushNotifsTest/Info.plist;
				LD_RUNPATH_SEARCH_PATHS = "$(inherited) @executable_path/Frameworks";
				PRODUCT_BUNDLE_IDENTIFIER = com.Modoki.PushNotifsTest;
				PRODUCT_NAME = "$(TARGET_NAME)";
				SWIFT_VERSION = 3.0;
			};
			name = Release;
		};
/* End XCBuildConfiguration section */

/* Begin XCConfigurationList section */
		1283F4101E554483000B63F0 /* Build configuration list for PBXProject "PushNotifsTest" */ = {
			isa = XCConfigurationList;
			buildConfigurations = (
				1283F4251E554483000B63F0 /* Debug */,
				1283F4261E554483000B63F0 /* Release */,
			);
			defaultConfigurationIsVisible = 0;
			defaultConfigurationName = Release;
		};
		1283F4271E554483000B63F0 /* Build configuration list for PBXNativeTarget "PushNotifsTest" */ = {
			isa = XCConfigurationList;
			buildConfigurations = (
				1283F4281E554483000B63F0 /* Debug */,
				1283F4291E554483000B63F0 /* Release */,
			);
			defaultConfigurationIsVisible = 0;
			defaultConfigurationName = Release;
		};
/* End XCConfigurationList section */
	};
	rootObject = 1283F40D1E554483000B63F0 /* Project object */;
}
